github.com/tdewolff/minify/v2 v2.20.9 h1:0RGsL+jBpm77obkuNCjNZ2eiN81CZzTnjeVmTqxCmYk=
github.com/tdewolff/minify/v2 v2.20.9/go.mod h1:hZnNtFqXVQ5QIAR05tdgvS7h6E80jyRwHSGVmM4jbzQ=
github.com/tdewolff/parse/v2 v2.7.6 h1:PGZH2b/itDSye9RatReRn4GBhsT+KFEMtAMjHRuY1h8=
github.com/tdewolff/parse/v2 v2.7.6/go.mod h1:3FbJWZp3XT9OWVN3Hmfp0p/a08v4h8J9W1aghka0soA=
github.com/tdewolff/test v1.0.11-0.20231101010635-f1265d231d52/go.mod h1:6DAvZliBAAnD7rhVgwaM7DE5/d9NMOAJ09SqYqeK4QE=
